
Microsoft Visual Studio Solution File, Format Version 12.00
# Visual Studio Version 16
VisualStudioVersion = 16.0.30406.217
MinimumVisualStudioVersion = 10.0.40219.1
Project("{F184B08F-C81C-45F6-A57F-5ABD9991F28F}") = "ConsoleFun", "ConsoleFun.vbproj", "{EB58A66F-6434-4553-99CD-9BE88B363F1D}"
EndProject
Global
	GlobalSection(SolutionConfigurationPlatforms) = preSolution
		Debug|Any CPU = Debug|Any CPU
		Release|Any CPU = Release|Any CPU
	EndGlobalSection
	GlobalSection(ProjectConfigurationPlatforms) = postSolution
		{EB58A66F-6434-4553-99CD-9BE88B363F1D}.Debug|Any CPU.ActiveCfg = Debug|Any CPU
		{EB58A66F-6434-4553-99CD-9BE88B363F1D}.Debug|Any CPU.Build.0 = Debug|Any CPU
		{EB58A66F-6434-4553-99CD-9BE88B363F1D}.Release|Any CPU.ActiveCfg = Release|Any CPU
		{EB58A66F-6434-4553-99CD-9BE88B363F1D}.Release|Any CPU.Build.0 = Release|Any CPU
	EndGlobalSection
	GlobalSection(SolutionProperties) = preSolution
		HideSolutionNode = FALSE
	EndGlobalSection
	GlobalSection(ExtensibilityGlobals) = postSolution
		SolutionGuid = {F95B2464-EDA9-4A8D-BB33-D99415534294}
	EndGlobalSection
EndGlobal
